
Microsoft Visual Studio Solution File, Format Version 12.00
# Visual Studio Version 17
VisualStudioVersion = 17.1.32228.430
MinimumVisualStudioVersion = 10.0.40219.1
Project("{FAE04EC0-301F-11D3-BF4B-00C04F79EFBC}") = "Calculator", "Calculator\Calculator.csproj", "{EF5AF40D-2E5A-4108-A77A-F578277D350E}"
EndProject
Global
	GlobalSection(SolutionConfigurationPlatforms) = preSolution
		Debug|Any CPU = Debug|Any CPU
		Release|Any CPU = Release|Any CPU
	EndGlobalSection
	GlobalSection(ProjectConfigurationPlatforms) = postSolution
		{EF5AF40D-2E5A-4108-A77A-F578277D350E}.Debug|Any CPU.ActiveCfg = Debug|Any CPU
		{EF5AF40D-2E5A-4108-A77A-F578277D350E}.Debug|Any CPU.Build.0 = Debug|Any CPU
		{EF5AF40D-2E5A-4108-A77A-F578277D350E}.Release|Any CPU.ActiveCfg = Release|Any CPU
		{EF5AF40D-2E5A-4108-A77A-F578277D350E}.Release|Any CPU.Build.0 = Release|Any CPU
	EndGlobalSection
	GlobalSection(SolutionProperties) = preSolution
		HideSolutionNode = FALSE
	EndGlobalSection
	GlobalSection(ExtensibilityGlobals) = postSolution
		SolutionGuid = {F7E32D56-547F-47AF-B086-DCD1AC58B099}
	EndGlobalSection
EndGlobal
